
Microsoft Visual Studio Solution File, Format Version 12.00
# Visual Studio Version 17
VisualStudioVersion = 17.6.33829.357
MinimumVisualStudioVersion = 10.0.40219.1
Project("{FAE04EC0-301F-11D3-BF4B-00C04F79EFBC}") = "Lab1P2", "Lab1P2\Lab1P2.csproj", "{2D419309-0C07-4B42-A1D9-80F6755248D1}"
EndProject
Global
	GlobalSection(SolutionConfigurationPlatforms) = preSolution
		Debug|Any CPU = Debug|Any CPU
		Release|Any CPU = Release|Any CPU
	EndGlobalSection
	GlobalSection(ProjectConfigurationPlatforms) = postSolution
		{2D419309-0C07-4B42-A1D9-80F6755248D1}.Debug|Any CPU.ActiveCfg = Debug|Any CPU
		{2D419309-0C07-4B42-A1D9-80F6755248D1}.Debug|Any CPU.Build.0 = Debug|Any CPU
		{2D419309-0C07-4B42-A1D9-80F6755248D1}.Release|Any CPU.ActiveCfg = Release|Any CPU
		{2D419309-0C07-4B42-A1D9-80F6755248D1}.Release|Any CPU.Build.0 = Release|Any CPU
	EndGlobalSection
	GlobalSection(SolutionProperties) = preSolution
		HideSolutionNode = FALSE
	EndGlobalSection
	GlobalSection(ExtensibilityGlobals) = postSolution
		SolutionGuid = {1CDA2D7D-1F38-4F7F-8514-D449E4B39463}
	EndGlobalSection
EndGlobal
