
Microsoft Visual Studio Solution File, Format Version 12.00
# Visual Studio Version 17
VisualStudioVersion = 17.6.33829.357
MinimumVisualStudioVersion = 10.0.40219.1
Project("{FAE04EC0-301F-11D3-BF4B-00C04F79EFBC}") = "Lab1P3", "Lab1P3\Lab1P3.csproj", "{EEECFB3F-BE0D-4E65-97BA-8EE4D30BD398}"
EndProject
Global
	GlobalSection(SolutionConfigurationPlatforms) = preSolution
		Debug|Any CPU = Debug|Any CPU
		Release|Any CPU = Release|Any CPU
	EndGlobalSection
	GlobalSection(ProjectConfigurationPlatforms) = postSolution
		{EEECFB3F-BE0D-4E65-97BA-8EE4D30BD398}.Debug|Any CPU.ActiveCfg = Debug|Any CPU
		{EEECFB3F-BE0D-4E65-97BA-8EE4D30BD398}.Debug|Any CPU.Build.0 = Debug|Any CPU
		{EEECFB3F-BE0D-4E65-97BA-8EE4D30BD398}.Release|Any CPU.ActiveCfg = Release|Any CPU
		{EEECFB3F-BE0D-4E65-97BA-8EE4D30BD398}.Release|Any CPU.Build.0 = Release|Any CPU
	EndGlobalSection
	GlobalSection(SolutionProperties) = preSolution
		HideSolutionNode = FALSE
	EndGlobalSection
	GlobalSection(ExtensibilityGlobals) = postSolution
		SolutionGuid = {70015B23-2DEC-4360-AD11-7EFDE501F322}
	EndGlobalSection
EndGlobal
