
Microsoft Visual Studio Solution File, Format Version 12.00
# Visual Studio Version 17
VisualStudioVersion = 17.8.34309.116
MinimumVisualStudioVersion = 10.0.40219.1
Project("{FAE04EC0-301F-11D3-BF4B-00C04F79EFBC}") = "Lab4", "Lab4\Lab4.csproj", "{146FE087-D594-48EA-9A75-80FFB419040B}"
EndProject
Global
	GlobalSection(SolutionConfigurationPlatforms) = preSolution
		Debug|Any CPU = Debug|Any CPU
		Release|Any CPU = Release|Any CPU
	EndGlobalSection
	GlobalSection(ProjectConfigurationPlatforms) = postSolution
		{146FE087-D594-48EA-9A75-80FFB419040B}.Debug|Any CPU.ActiveCfg = Debug|Any CPU
		{146FE087-D594-48EA-9A75-80FFB419040B}.Debug|Any CPU.Build.0 = Debug|Any CPU
		{146FE087-D594-48EA-9A75-80FFB419040B}.Release|Any CPU.ActiveCfg = Release|Any CPU
		{146FE087-D594-48EA-9A75-80FFB419040B}.Release|Any CPU.Build.0 = Release|Any CPU
	EndGlobalSection
	GlobalSection(SolutionProperties) = preSolution
		HideSolutionNode = FALSE
	EndGlobalSection
	GlobalSection(ExtensibilityGlobals) = postSolution
		SolutionGuid = {F7541FD5-9572-4278-8A58-A380ED96D50D}
	EndGlobalSection
EndGlobal
