
Microsoft Visual Studio Solution File, Format Version 12.00
# Visual Studio Version 17
VisualStudioVersion = 17.8.34309.116
MinimumVisualStudioVersion = 10.0.40219.1
Project("{FAE04EC0-301F-11D3-BF4B-00C04F79EFBC}") = "lab5", "lab5\lab5.csproj", "{AEE98067-1058-40A3-BCE0-EFB6283C4339}"
EndProject
Global
	GlobalSection(SolutionConfigurationPlatforms) = preSolution
		Debug|Any CPU = Debug|Any CPU
		Release|Any CPU = Release|Any CPU
	EndGlobalSection
	GlobalSection(ProjectConfigurationPlatforms) = postSolution
		{AEE98067-1058-40A3-BCE0-EFB6283C4339}.Debug|Any CPU.ActiveCfg = Debug|Any CPU
		{AEE98067-1058-40A3-BCE0-EFB6283C4339}.Debug|Any CPU.Build.0 = Debug|Any CPU
		{AEE98067-1058-40A3-BCE0-EFB6283C4339}.Release|Any CPU.ActiveCfg = Release|Any CPU
		{AEE98067-1058-40A3-BCE0-EFB6283C4339}.Release|Any CPU.Build.0 = Release|Any CPU
	EndGlobalSection
	GlobalSection(SolutionProperties) = preSolution
		HideSolutionNode = FALSE
	EndGlobalSection
	GlobalSection(ExtensibilityGlobals) = postSolution
		SolutionGuid = {8A510DE3-BD45-4776-88ED-207D2672D494}
	EndGlobalSection
EndGlobal
